Microsoft Visual Studio Solution File, Format Version 11.00
# Visual Studio 2008

Project("{57296799-0104-EE8F-9C75-C3926EAD0DB0}") = "project6", "Assembly-CSharp.csproj", "{E6982A5A-A0A4-8D25-F5EA-EA69A8FB211D}"
EndProject
Global
	GlobalSection(SolutionConfigurationPlatforms) = preSolution
		Debug|Any CPU = Debug|Any CPU
		Release|Any CPU = Release|Any CPU
	EndGlobalSection
	GlobalSection(ProjectConfigurationPlatforms) = postSolution
		{E6982A5A-A0A4-8D25-F5EA-EA69A8FB211D}.Debug|Any CPU.ActiveCfg = Debug|Any CPU
		{E6982A5A-A0A4-8D25-F5EA-EA69A8FB211D}.Debug|Any CPU.Build.0 = Debug|Any CPU
		{E6982A5A-A0A4-8D25-F5EA-EA69A8FB211D}.Release|Any CPU.ActiveCfg = Release|Any CPU
		{E6982A5A-A0A4-8D25-F5EA-EA69A8FB211D}.Release|Any CPU.Build.0 = Release|Any CPU
	EndGlobalSection
	GlobalSection(SolutionProperties) = preSolution
		HideSolutionNode = FALSE
	EndGlobalSection
	GlobalSection(MonoDevelopProperties) = preSolution
		StartupItem = Assembly-CSharp.csproj
	EndGlobalSection
EndGlobal
